
Microsoft Visual Studio Solution File, Format Version 12.00
# Visual Studio Version 17
VisualStudioVersion = 17.14.37710.0 d17.14
MinimumVisualStudioVersion = 10.0.40219.1
Project("{F184B08F-C81C-45F6-A57F-5ABD9991F28F}") = "DreamposXGoapp", "DreamposXGoapp.vbproj", "{400BF69F-B596-4C6C-BBFA-DE5939512859}"
EndProject
Project("{F184B08F-C81C-45F6-A57F-5ABD9991F28F}") = "TryDreamposXGoapp", "TryDreamposXGoapp\TryDreamposXGoapp.vbproj", "{8F52994B-D29E-436A-B6A9-C5E0921EA228}"
EndProject
Global
	GlobalSection(SolutionConfigurationPlatforms) = preSolution
		Debug|Any CPU = Debug|Any CPU
		Release|Any CPU = Release|Any CPU
	EndGlobalSection
	GlobalSection(ProjectConfigurationPlatforms) = postSolution
		{400BF69F-B596-4C6C-BBFA-DE5939512859}.Debug|Any CPU.ActiveCfg = Debug|Any CPU
		{400BF69F-B596-4C6C-BBFA-DE5939512859}.Debug|Any CPU.Build.0 = Debug|Any CPU
		{400BF69F-B596-4C6C-BBFA-DE5939512859}.Release|Any CPU.ActiveCfg = Release|Any CPU
		{400BF69F-B596-4C6C-BBFA-DE5939512859}.Release|Any CPU.Build.0 = Release|Any CPU
		{8F52994B-D29E-436A-B6A9-C5E0921EA228}.Debug|Any CPU.ActiveCfg = Debug|Any CPU
		{8F52994B-D29E-436A-B6A9-C5E0921EA228}.Debug|Any CPU.Build.0 = Debug|Any CPU
		{8F52994B-D29E-436A-B6A9-C5E0921EA228}.Release|Any CPU.ActiveCfg = Release|Any CPU
		{8F52994B-D29E-436A-B6A9-C5E0921EA228}.Release|Any CPU.Build.0 = Release|Any CPU
	EndGlobalSection
	GlobalSection(SolutionProperties) = preSolution
		HideSolutionNode = FALSE
	EndGlobalSection
	GlobalSection(ExtensibilityGlobals) = postSolution
		SolutionGuid = {F678D15D-4D40-4075-AFB4-B32B7340FFEC}
	EndGlobalSection
EndGlobal
